// !$*UTF8*$!
{
	archiveVersion = 1;
	classes = {
	};
	objectVersion = 56;
	objects = {

/* Begin PBXBuildFile section */
		7470E50F2BEBB40C0039FFBF /* Days_to_GoApp.swift in Sources */ = {isa = PBXBuildFile; fileRef = 7470E50E2BEBB40C0039FFBF /* Days_to_GoApp.swift */; };
		7470E5132BEBB40C0039FFBF /* Event.swift in Sources */ = {isa = PBXBuildFile; fileRef = 7470E5122BEBB40C0039FFBF /* Event.swift */; };
		7470E5152BEBB4100039FFBF /* Assets.xcassets in Resources */ = {isa = PBXBuildFile; fileRef = 7470E5142BEBB4100039FFBF /* Assets.xcassets */; };
		7470E5182BEBB4100039FFBF /* Preview Assets.xcassets in Resources */ = {isa = PBXBuildFile; fileRef = 7470E5172BEBB4100039FFBF /* Preview Assets.xcassets */; };
		7470E5232BEBB6760039FFBF /* MainScreen.swift in Sources */ = {isa = PBXBuildFile; fileRef = 7470E5222BEBB6760039FFBF /* MainScreen.swift */; };
		7470E5252BEBB71E0039FFBF /* MainScreenViewModel.swift in Sources */ = {isa = PBXBuildFile; fileRef = 7470E5242BEBB71E0039FFBF /* MainScreenViewModel.swift */; };
		7470E5272BEC5FD20039FFBF /* AddEventScreen.swift in Sources */ = {isa = PBXBuildFile; fileRef = 7470E5262BEC5FD20039FFBF /* AddEventScreen.swift */; };
		7470E5292BEC708E0039FFBF /* EventCountdownView.swift in Sources */ = {isa = PBXBuildFile; fileRef = 7470E5282BEC708E0039FFBF /* EventCountdownView.swift */; };
		7470E52C2BEC738C0039FFBF /* TimeIntervalExtension.swift in Sources */ = {isa = PBXBuildFile; fileRef = 7470E52B2BEC738C0039FFBF /* TimeIntervalExtension.swift */; };
		74D0F1882BF2E96E0022D5A6 /* WidgetKit.framework in Frameworks */ = {isa = PBXBuildFile; fileRef = 74D0F1872BF2E96D0022D5A6 /* WidgetKit.framework */; };
		74D0F18A2BF2E96E0022D5A6 /* SwiftUI.framework in Frameworks */ = {isa = PBXBuildFile; fileRef = 74D0F1892BF2E96E0022D5A6 /* SwiftUI.framework */; };
		74D0F18D2BF2E96E0022D5A6 /* DaysToGoWidgetBundle.swift in Sources */ = {isa = PBXBuildFile; fileRef = 74D0F18C2BF2E96E0022D5A6 /* DaysToGoWidgetBundle.swift */; };
		74D0F1932BF2E96F0022D5A6 /* Assets.xcassets in Resources */ = {isa = PBXBuildFile; fileRef = 74D0F1922BF2E96F0022D5A6 /* Assets.xcassets */; };
		74D0F1972BF2E96F0022D5A6 /* DaysToGoWidgetExtension.appex in Embed Foundation Extensions */ = {isa = PBXBuildFile; fileRef = 74D0F1852BF2E96D0022D5A6 /* DaysToGoWidgetExtension.appex */; settings = {ATTRIBUTES = (RemoveHeadersOnCopy, ); }; };
		74D0F19D2BF2EA190022D5A6 /* Event.swift in Sources */ = {isa = PBXBuildFile; fileRef = 7470E5122BEBB40C0039FFBF /* Event.swift */; };
		74D0F19E2BF2EA320022D5A6 /* TimeIntervalExtension.swift in Sources */ = {isa = PBXBuildFile; fileRef = 7470E52B2BEC738C0039FFBF /* TimeIntervalExtension.swift */; };
		74D0F1A22BF2F01E0022D5A6 /* DaysToGoProvider.swift in Sources */ = {isa = PBXBuildFile; fileRef = 74D0F1A12BF2F01E0022D5A6 /* DaysToGoProvider.swift */; };
		74D0F1A32BF2F0230022D5A6 /* DaysToGoConfigurationIntent.swift in Sources */ = {isa = PBXBuildFile; fileRef = 74D0F19F2BF2EAF00022D5A6 /* DaysToGoConfigurationIntent.swift */; };
		74D0F1A52BF2F6180022D5A6 /* EventSnapshot.swift in Sources */ = {isa = PBXBuildFile; fileRef = 74D0F1A42BF2F6180022D5A6 /* EventSnapshot.swift */; };
		74D0F1A72BF300AF0022D5A6 /* DaysToGoWidget.swift in Sources */ = {isa = PBXBuildFile; fileRef = 74D0F1A62BF300AF0022D5A6 /* DaysToGoWidget.swift */; };
		74D0F1A92BF3013B0022D5A6 /* DaysToGoWidgetView.swift in Sources */ = {isa = PBXBuildFile; fileRef = 74D0F1A82BF3013B0022D5A6 /* DaysToGoWidgetView.swift */; };
/* End PBXBuildFile section */

/* Begin PBXContainerItemProxy section */
		74D0F1952BF2E96F0022D5A6 /* PBXContainerItemProxy */ = {
			isa = PBXContainerItemProxy;
			containerPortal = 7470E5032BEBB40C0039FFBF /* Project object */;
			proxyType = 1;
			remoteGlobalIDString = 74D0F1842BF2E96D0022D5A6;
			remoteInfo = DaysToGoWidgetExtension;
		};
/* End PBXContainerItemProxy section */

/* Begin PBXCopyFilesBuildPhase section */
		74D0F1982BF2E96F0022D5A6 /* Embed Foundation Extensions */ = {
			isa = PBXCopyFilesBuildPhase;
			buildActionMask = 2147483647;
			dstPath = "";
			dstSubfolderSpec = 13;
			files = (
				74D0F1972BF2E96F0022D5A6 /* DaysToGoWidgetExtension.appex in Embed Foundation Extensions */,
			);
			name = "Embed Foundation Extensions";
			runOnlyForDeploymentPostprocessing = 0;
		};
/* End PBXCopyFilesBuildPhase section */

/* Begin PBXFileReference section */
		7470E50B2BEBB40C0039FFBF /* Days to Go.app */ = {isa = PBXFileReference; explicitFileType = wrapper.application; includeInIndex = 0; path = "Days to Go.app"; sourceTree = BUILT_PRODUCTS_DIR; };
		7470E50E2BEBB40C0039FFBF /* Days_to_GoApp.swift */ = {isa = PBXFileReference; lastKnownFileType = sourcecode.swift; path = Days_to_GoApp.swift; sourceTree = "<group>"; };
		7470E5122BEBB40C0039FFBF /* Event.swift */ = {isa = PBXFileReference; lastKnownFileType = sourcecode.swift; path = Event.swift; sourceTree = "<group>"; };
		7470E5142BEBB4100039FFBF /* Assets.xcassets */ = {isa = PBXFileReference; lastKnownFileType = folder.assetcatalog; path = Assets.xcassets; sourceTree = "<group>"; };
		7470E5172BEBB4100039FFBF /* Preview Assets.xcassets */ = {isa = PBXFileReference; lastKnownFileType = folder.assetcatalog; path = "Preview Assets.xcassets"; sourceTree = "<group>"; };
		7470E5222BEBB6760039FFBF /* MainScreen.swift */ = {isa = PBXFileReference; lastKnownFileType = sourcecode.swift; path = MainScreen.swift; sourceTree = "<group>"; };
		7470E5242BEBB71E0039FFBF /* MainScreenViewModel.swift */ = {isa = PBXFileReference; lastKnownFileType = sourcecode.swift; path = MainScreenViewModel.swift; sourceTree = "<group>"; };
		7470E5262BEC5FD20039FFBF /* AddEventScreen.swift */ = {isa = PBXFileReference; lastKnownFileType = sourcecode.swift; path = AddEventScreen.swift; sourceTree = "<group>"; };
		7470E5282BEC708E0039FFBF /* EventCountdownView.swift */ = {isa = PBXFileReference; lastKnownFileType = sourcecode.swift; path = EventCountdownView.swift; sourceTree = "<group>"; };
		7470E52B2BEC738C0039FFBF /* TimeIntervalExtension.swift */ = {isa = PBXFileReference; lastKnownFileType = sourcecode.swift; path = TimeIntervalExtension.swift; sourceTree = "<group>"; };
		74D0F1852BF2E96D0022D5A6 /* DaysToGoWidgetExtension.appex */ = {isa = PBXFileReference; explicitFileType = "wrapper.app-extension"; includeInIndex = 0; path = DaysToGoWidgetExtension.appex; sourceTree = BUILT_PRODUCTS_DIR; };
		74D0F1872BF2E96D0022D5A6 /* WidgetKit.framework */ = {isa = PBXFileReference; lastKnownFileType = wrapper.framework; name = WidgetKit.framework; path = System/Library/Frameworks/WidgetKit.framework; sourceTree = SDKROOT; };
		74D0F1892BF2E96E0022D5A6 /* SwiftUI.framework */ = {isa = PBXFileReference; lastKnownFileType = wrapper.framework; name = SwiftUI.framework; path = System/Library/Frameworks/SwiftUI.framework; sourceTree = SDKROOT; };
		74D0F18C2BF2E96E0022D5A6 /* DaysToGoWidgetBundle.swift */ = {isa = PBXFileReference; lastKnownFileType = sourcecode.swift; path = DaysToGoWidgetBundle.swift; sourceTree = "<group>"; };
		74D0F1922BF2E96F0022D5A6 /* Assets.xcassets */ = {isa = PBXFileReference; lastKnownFileType = folder.assetcatalog; path = Assets.xcassets; sourceTree = "<group>"; };
		74D0F1942BF2E96F0022D5A6 /* Info.plist */ = {isa = PBXFileReference; lastKnownFileType = text.plist.xml; path = Info.plist; sourceTree = "<group>"; };
		74D0F19F2BF2EAF00022D5A6 /* DaysToGoConfigurationIntent.swift */ = {isa = PBXFileReference; lastKnownFileType = sourcecode.swift; path = DaysToGoConfigurationIntent.swift; sourceTree = "<group>"; };
		74D0F1A12BF2F01E0022D5A6 /* DaysToGoProvider.swift */ = {isa = PBXFileReference; lastKnownFileType = sourcecode.swift; path = DaysToGoProvider.swift; sourceTree = "<group>"; };
		74D0F1A42BF2F6180022D5A6 /* EventSnapshot.swift */ = {isa = PBXFileReference; lastKnownFileType = sourcecode.swift; path = EventSnapshot.swift; sourceTree = "<group>"; };
		74D0F1A62BF300AF0022D5A6 /* DaysToGoWidget.swift */ = {isa = PBXFileReference; lastKnownFileType = sourcecode.swift; path = DaysToGoWidget.swift; sourceTree = "<group>"; };
		74D0F1A82BF3013B0022D5A6 /* DaysToGoWidgetView.swift */ = {isa = PBXFileReference; lastKnownFileType = sourcecode.swift; path = DaysToGoWidgetView.swift; sourceTree = "<group>"; };
		74D0F1AA2BF302FE0022D5A6 /* Days to Go.entitlements */ = {isa = PBXFileReference; lastKnownFileType = text.plist.entitlements; path = "Days to Go.entitlements"; sourceTree = "<group>"; };
		74D0F1AB2BF303080022D5A6 /* DaysToGoWidgetExtension.entitlements */ = {isa = PBXFileReference; lastKnownFileType = text.plist.entitlements; path = DaysToGoWidgetExtension.entitlements; sourceTree = "<group>"; };
/* End PBXFileReference section */

/* Begin PBXFrameworksBuildPhase section */
		7470E5082BEBB40C0039FFBF /* Frameworks */ = {
			isa = PBXFrameworksBuildPhase;
			buildActionMask = 2147483647;
			files = (
			);
			runOnlyForDeploymentPostprocessing = 0;
		};
		74D0F1822BF2E96D0022D5A6 /* Frameworks */ = {
			isa = PBXFrameworksBuildPhase;
			buildActionMask = 2147483647;
			files = (
				74D0F18A2BF2E96E0022D5A6 /* SwiftUI.framework in Frameworks */,
				74D0F1882BF2E96E0022D5A6 /* WidgetKit.framework in Frameworks */,
			);
			runOnlyForDeploymentPostprocessing = 0;
		};
/* End PBXFrameworksBuildPhase section */

/* Begin PBXGroup section */
		7470E5022BEBB40C0039FFBF = {
			isa = PBXGroup;
			children = (
				74D0F1AB2BF303080022D5A6 /* DaysToGoWidgetExtension.entitlements */,
				7470E50D2BEBB40C0039FFBF /* Days to Go */,
				74D0F18B2BF2E96E0022D5A6 /* DaysToGoWidget */,
				74D0F1862BF2E96D0022D5A6 /* Frameworks */,
				7470E50C2BEBB40C0039FFBF /* Products */,
			);
			sourceTree = "<group>";
		};
		7470E50C2BEBB40C0039FFBF /* Products */ = {
			isa = PBXGroup;
			children = (
				7470E50B2BEBB40C0039FFBF /* Days to Go.app */,
				74D0F1852BF2E96D0022D5A6 /* DaysToGoWidgetExtension.appex */,
			);
			name = Products;
			sourceTree = "<group>";
		};
		7470E50D2BEBB40C0039FFBF /* Days to Go */ = {
			isa = PBXGroup;
			children = (
				74D0F1AA2BF302FE0022D5A6 /* Days to Go.entitlements */,
				7470E52A2BEC737F0039FFBF /* Extensions */,
				7470E51E2BEBB4580039FFBF /* Models */,
				7470E51F2BEBB4640039FFBF /* Views */,
				7470E5202BEBB4690039FFBF /* ViewModels */,
				7470E50E2BEBB40C0039FFBF /* Days_to_GoApp.swift */,
				7470E5142BEBB4100039FFBF /* Assets.xcassets */,
				7470E5162BEBB4100039FFBF /* Preview Content */,
			);
			path = "Days to Go";
			sourceTree = "<group>";
		};
		7470E5162BEBB4100039FFBF /* Preview Content */ = {
			isa = PBXGroup;
			children = (
				7470E5172BEBB4100039FFBF /* Preview Assets.xcassets */,
			);
			path = "Preview Content";
			sourceTree = "<group>";
		};
		7470E51E2BEBB4580039FFBF /* Models */ = {
			isa = PBXGroup;
			children = (
				7470E5122BEBB40C0039FFBF /* Event.swift */,
			);
			path = Models;
			sourceTree = "<group>";
		};
		7470E51F2BEBB4640039FFBF /* Views */ = {
			isa = PBXGroup;
			children = (
				7470E5212BEBB65C0039FFBF /* Screens */,
				7470E5282BEC708E0039FFBF /* EventCountdownView.swift */,
			);
			path = Views;
			sourceTree = "<group>";
		};
		7470E5202BEBB4690039FFBF /* ViewModels */ = {
			isa = PBXGroup;
			children = (
				7470E5242BEBB71E0039FFBF /* MainScreenViewModel.swift */,
			);
			path = ViewModels;
			sourceTree = "<group>";
		};
		7470E5212BEBB65C0039FFBF /* Screens */ = {
			isa = PBXGroup;
			children = (
				7470E5222BEBB6760039FFBF /* MainScreen.swift */,
				7470E5262BEC5FD20039FFBF /* AddEventScreen.swift */,
			);
			path = Screens;
			sourceTree = "<group>";
		};
		7470E52A2BEC737F0039FFBF /* Extensions */ = {
			isa = PBXGroup;
			children = (
				7470E52B2BEC738C0039FFBF /* TimeIntervalExtension.swift */,
			);
			path = Extensions;
			sourceTree = "<group>";
		};
		74D0F1862BF2E96D0022D5A6 /* Frameworks */ = {
			isa = PBXGroup;
			children = (
				74D0F1872BF2E96D0022D5A6 /* WidgetKit.framework */,
				74D0F1892BF2E96E0022D5A6 /* SwiftUI.framework */,
			);
			name = Frameworks;
			sourceTree = "<group>";
		};
		74D0F18B2BF2E96E0022D5A6 /* DaysToGoWidget */ = {
			isa = PBXGroup;
			children = (
				74D0F18C2BF2E96E0022D5A6 /* DaysToGoWidgetBundle.swift */,
				74D0F19C2BF2E9950022D5A6 /* DaysToGo */,
				74D0F1922BF2E96F0022D5A6 /* Assets.xcassets */,
				74D0F1942BF2E96F0022D5A6 /* Info.plist */,
			);
			path = DaysToGoWidget;
			sourceTree = "<group>";
		};
		74D0F19C2BF2E9950022D5A6 /* DaysToGo */ = {
			isa = PBXGroup;
			children = (
				74D0F19F2BF2EAF00022D5A6 /* DaysToGoConfigurationIntent.swift */,
				74D0F1A12BF2F01E0022D5A6 /* DaysToGoProvider.swift */,
				74D0F1A42BF2F6180022D5A6 /* EventSnapshot.swift */,
				74D0F1A62BF300AF0022D5A6 /* DaysToGoWidget.swift */,
				74D0F1A82BF3013B0022D5A6 /* DaysToGoWidgetView.swift */,
			);
			path = DaysToGo;
			sourceTree = "<group>";
		};
/* End PBXGroup section */

/* Begin PBXNativeTarget section */
		7470E50A2BEBB40C0039FFBF /* Days to Go */ = {
			isa = PBXNativeTarget;
			buildConfigurationList = 7470E51B2BEBB4100039FFBF /* Build configuration list for PBXNativeTarget "Days to Go" */;
			buildPhases = (
				7470E5072BEBB40C0039FFBF /* Sources */,
				7470E5082BEBB40C0039FFBF /* Frameworks */,
				7470E5092BEBB40C0039FFBF /* Resources */,
				74D0F1982BF2E96F0022D5A6 /* Embed Foundation Extensions */,
			);
			buildRules = (
			);
			dependencies = (
				74D0F1962BF2E96F0022D5A6 /* PBXTargetDependency */,
			);
			name = "Days to Go";
			productName = "Days to Go";
			productReference = 7470E50B2BEBB40C0039FFBF /* Days to Go.app */;
			productType = "com.apple.product-type.application";
		};
		74D0F1842BF2E96D0022D5A6 /* DaysToGoWidgetExtension */ = {
			isa = PBXNativeTarget;
			buildConfigurationList = 74D0F19B2BF2E96F0022D5A6 /* Build configuration list for PBXNativeTarget "DaysToGoWidgetExtension" */;
			buildPhases = (
				74D0F1812BF2E96D0022D5A6 /* Sources */,
				74D0F1822BF2E96D0022D5A6 /* Frameworks */,
				74D0F1832BF2E96D0022D5A6 /* Resources */,
			);
			buildRules = (
			);
			dependencies = (
			);
			name = DaysToGoWidgetExtension;
			productName = DaysToGoWidgetExtension;
			productReference = 74D0F1852BF2E96D0022D5A6 /* DaysToGoWidgetExtension.appex */;
			productType = "com.apple.product-type.app-extension";
		};
/* End PBXNativeTarget section */

/* Begin PBXProject section */
		7470E5032BEBB40C0039FFBF /* Project object */ = {
			isa = PBXProject;
			attributes = {
				BuildIndependentTargetsInParallel = 1;
				LastSwiftUpdateCheck = 1520;
				LastUpgradeCheck = 1520;
				TargetAttributes = {
					7470E50A2BEBB40C0039FFBF = {
						CreatedOnToolsVersion = 15.2;
					};
					74D0F1842BF2E96D0022D5A6 = {
						CreatedOnToolsVersion = 15.2;
					};
				};
			};
			buildConfigurationList = 7470E5062BEBB40C0039FFBF /* Build configuration list for PBXProject "Days to Go" */;
			compatibilityVersion = "Xcode 14.0";
			developmentRegion = en;
			hasScannedForEncodings = 0;
			knownRegions = (
				en,
				Base,
			);
			mainGroup = 7470E5022BEBB40C0039FFBF;
			productRefGroup = 7470E50C2BEBB40C0039FFBF /* Products */;
			projectDirPath = "";
			projectRoot = "";
			targets = (
				7470E50A2BEBB40C0039FFBF /* Days to Go */,
				74D0F1842BF2E96D0022D5A6 /* DaysToGoWidgetExtension */,
			);
		};
/* End PBXProject section */

/* Begin PBXResourcesBuildPhase section */
		7470E5092BEBB40C0039FFBF /* Resources */ = {
			isa = PBXResourcesBuildPhase;
			buildActionMask = 2147483647;
			files = (
				7470E5182BEBB4100039FFBF /* Preview Assets.xcassets in Resources */,
				7470E5152BEBB4100039FFBF /* Assets.xcassets in Resources */,
			);
			runOnlyForDeploymentPostprocessing = 0;
		};
		74D0F1832BF2E96D0022D5A6 /* Resources */ = {
			isa = PBXResourcesBuildPhase;
			buildActionMask = 2147483647;
			files = (
				74D0F1932BF2E96F0022D5A6 /* Assets.xcassets in Resources */,
			);
			runOnlyForDeploymentPostprocessing = 0;
		};
/* End PBXResourcesBuildPhase section */

/* Begin PBXSourcesBuildPhase section */
		7470E5072BEBB40C0039FFBF /* Sources */ = {
			isa = PBXSourcesBuildPhase;
			buildActionMask = 2147483647;
			files = (
				7470E5252BEBB71E0039FFBF /* MainScreenViewModel.swift in Sources */,
				7470E52C2BEC738C0039FFBF /* TimeIntervalExtension.swift in Sources */,
				7470E5292BEC708E0039FFBF /* EventCountdownView.swift in Sources */,
				7470E5272BEC5FD20039FFBF /* AddEventScreen.swift in Sources */,
				7470E5132BEBB40C0039FFBF /* Event.swift in Sources */,
				7470E5232BEBB6760039FFBF /* MainScreen.swift in Sources */,
				7470E50F2BEBB40C0039FFBF /* Days_to_GoApp.swift in Sources */,
			);
			runOnlyForDeploymentPostprocessing = 0;
		};
		74D0F1812BF2E96D0022D5A6 /* Sources */ = {
			isa = PBXSourcesBuildPhase;
			buildActionMask = 2147483647;
			files = (
				74D0F1A52BF2F6180022D5A6 /* EventSnapshot.swift in Sources */,
				74D0F19D2BF2EA190022D5A6 /* Event.swift in Sources */,
				74D0F1A72BF300AF0022D5A6 /* DaysToGoWidget.swift in Sources */,
				74D0F19E2BF2EA320022D5A6 /* TimeIntervalExtension.swift in Sources */,
				74D0F1A92BF3013B0022D5A6 /* DaysToGoWidgetView.swift in Sources */,
				74D0F1A22BF2F01E0022D5A6 /* DaysToGoProvider.swift in Sources */,
				74D0F18D2BF2E96E0022D5A6 /* DaysToGoWidgetBundle.swift in Sources */,
				74D0F1A32BF2F0230022D5A6 /* DaysToGoConfigurationIntent.swift in Sources */,
			);
			runOnlyForDeploymentPostprocessing = 0;
		};
/* End PBXSourcesBuildPhase section */

/* Begin PBXTargetDependency section */
		74D0F1962BF2E96F0022D5A6 /* PBXTargetDependency */ = {
			isa = PBXTargetDependency;
			target = 74D0F1842BF2E96D0022D5A6 /* DaysToGoWidgetExtension */;
			targetProxy = 74D0F1952BF2E96F0022D5A6 /* PBXContainerItemProxy */;
		};
/* End PBXTargetDependency section */

/* Begin XCBuildConfiguration section */
		7470E5192BEBB4100039FFBF /* Debug */ = {
			isa = XCBuildConfiguration;
			buildSettings = {
				ALWAYS_SEARCH_USER_PATHS = NO;
				ASSETCATALOG_COMPILER_GENERATE_SWIFT_ASSET_SYMBOL_EXTENSIONS = YES;
				CLANG_ANALYZER_NONNULL = YES;
				CLANG_ANALYZER_NUMBER_OBJECT_CONVERSION = YES_AGGRESSIVE;
				CLANG_CXX_LANGUAGE_STANDARD = "gnu++20";
				CLANG_ENABLE_MODULES = YES;
				CLANG_ENABLE_OBJC_ARC = YES;
				CLANG_ENABLE_OBJC_WEAK = YES;
				CLANG_WARN_BLOCK_CAPTURE_AUTORELEASING = YES;
				CLANG_WARN_BOOL_CONVERSION = YES;
				CLANG_WARN_COMMA = YES;
				CLANG_WARN_CONSTANT_CONVERSION = YES;
				CLANG_WARN_DEPRECATED_OBJC_IMPLEMENTATIONS = YES;
				CLANG_WARN_DIRECT_OBJC_ISA_USAGE = YES_ERROR;
				CLANG_WARN_DOCUMENTATION_COMMENTS = YES;
				CLANG_WARN_EMPTY_BODY = YES;
				CLANG_WARN_ENUM_CONVERSION = YES;
				CLANG_WARN_INFINITE_RECURSION = YES;
				CLANG_WARN_INT_CONVERSION = YES;
				CLANG_WARN_NON_LITERAL_NULL_CONVERSION = YES;
				CLANG_WARN_OBJC_IMPLICIT_RETAIN_SELF = YES;
				CLANG_WARN_OBJC_LITERAL_CONVERSION = YES;
				CLANG_WARN_OBJC_ROOT_CLASS = YES_ERROR;
				CLANG_WARN_QUOTED_INCLUDE_IN_FRAMEWORK_HEADER = YES;
				CLANG_WARN_RANGE_LOOP_ANALYSIS = YES;
				CLANG_WARN_STRICT_PROTOTYPES = YES;
				CLANG_WARN_SUSPICIOUS_MOVE = YES;
				CLANG_WARN_UNGUARDED_AVAILABILITY = YES_AGGRESSIVE;
				CLANG_WARN_UNREACHABLE_CODE = YES;
				CLANG_WARN__DUPLICATE_METHOD_MATCH = YES;
				COPY_PHASE_STRIP = NO;
				DEBUG_INFORMATION_FORMAT = dwarf;
				ENABLE_STRICT_OBJC_MSGSEND = YES;
				ENABLE_TESTABILITY = YES;
				ENABLE_USER_SCRIPT_SANDBOXING = YES;
				GCC_C_LANGUAGE_STANDARD = gnu17;
				GCC_DYNAMIC_NO_PIC = NO;
				GCC_NO_COMMON_BLOCKS = YES;
				GCC_OPTIMIZATION_LEVEL = 0;
				GCC_PREPROCESSOR_DEFINITIONS = (
					"DEBUG=1",
					"$(inherited)",
				);
				GCC_WARN_64_TO_32_BIT_CONVERSION = YES;
				GCC_WARN_ABOUT_RETURN_TYPE = YES_ERROR;
				GCC_WARN_UNDECLARED_SELECTOR = YES;
				GCC_WARN_UNINITIALIZED_AUTOS = YES_AGGRESSIVE;
				GCC_WARN_UNUSED_FUNCTION = YES;
				GCC_WARN_UNUSED_VARIABLE = YES;
				IPHONEOS_DEPLOYMENT_TARGET = 17.2;
				LOCALIZATION_PREFERS_STRING_CATALOGS = YES;
				MTL_ENABLE_DEBUG_INFO = INCLUDE_SOURCE;
				MTL_FAST_MATH = YES;
				ONLY_ACTIVE_ARCH = YES;
				SDKROOT = iphoneos;
				SWIFT_ACTIVE_COMPILATION_CONDITIONS = "DEBUG $(inherited)";
				SWIFT_OPTIMIZATION_LEVEL = "-Onone";
			};
			name = Debug;
		};
		7470E51A2BEBB4100039FFBF /* Release */ = {
			isa = XCBuildConfiguration;
			buildSettings = {
				ALWAYS_SEARCH_USER_PATHS = NO;
				ASSETCATALOG_COMPILER_GENERATE_SWIFT_ASSET_SYMBOL_EXTENSIONS = YES;
				CLANG_ANALYZER_NONNULL = YES;
				CLANG_ANALYZER_NUMBER_OBJECT_CONVERSION = YES_AGGRESSIVE;
				CLANG_CXX_LANGUAGE_STANDARD = "gnu++20";
				CLANG_ENABLE_MODULES = YES;
				CLANG_ENABLE_OBJC_ARC = YES;
				CLANG_ENABLE_OBJC_WEAK = YES;
				CLANG_WARN_BLOCK_CAPTURE_AUTORELEASING = YES;
				CLANG_WARN_BOOL_CONVERSION = YES;
				CLANG_WARN_COMMA = YES;
				CLANG_WARN_CONSTANT_CONVERSION = YES;
				CLANG_WARN_DEPRECATED_OBJC_IMPLEMENTATIONS = YES;
				CLANG_WARN_DIRECT_OBJC_ISA_USAGE = YES_ERROR;
				CLANG_WARN_DOCUMENTATION_COMMENTS = YES;
				CLANG_WARN_EMPTY_BODY = YES;
				CLANG_WARN_ENUM_CONVERSION = YES;
				CLANG_WARN_INFINITE_RECURSION = YES;
				CLANG_WARN_INT_CONVERSION = YES;
				CLANG_WARN_NON_LITERAL_NULL_CONVERSION = YES;
				CLANG_WARN_OBJC_IMPLICIT_RETAIN_SELF = YES;
				CLANG_WARN_OBJC_LITERAL_CONVERSION = YES;
				CLANG_WARN_OBJC_ROOT_CLASS = YES_ERROR;
				CLANG_WARN_QUOTED_INCLUDE_IN_FRAMEWORK_HEADER = YES;
				CLANG_WARN_RANGE_LOOP_ANALYSIS = YES;
				CLANG_WARN_STRICT_PROTOTYPES = YES;
				CLANG_WARN_SUSPICIOUS_MOVE = YES;
				CLANG_WARN_UNGUARDED_AVAILABILITY = YES_AGGRESSIVE;
				CLANG_WARN_UNREACHABLE_CODE = YES;
				CLANG_WARN__DUPLICATE_METHOD_MATCH = YES;
				COPY_PHASE_STRIP = NO;
				DEBUG_INFORMATION_FORMAT = "dwarf-with-dsym";
				ENABLE_NS_ASSERTIONS = NO;
				ENABLE_STRICT_OBJC_MSGSEND = YES;
				ENABLE_USER_SCRIPT_SANDBOXING = YES;
				GCC_C_LANGUAGE_STANDARD = gnu17;
				GCC_NO_COMMON_BLOCKS = YES;
				GCC_WARN_64_TO_32_BIT_CONVERSION = YES;
				GCC_WARN_ABOUT_RETURN_TYPE = YES_ERROR;
				GCC_WARN_UNDECLARED_SELECTOR = YES;
				GCC_WARN_UNINITIALIZED_AUTOS = YES_AGGRESSIVE;
				GCC_WARN_UNUSED_FUNCTION = YES;
				GCC_WARN_UNUSED_VARIABLE = YES;
				IPHONEOS_DEPLOYMENT_TARGET = 17.2;
				LOCALIZATION_PREFERS_STRING_CATALOGS = YES;
				MTL_ENABLE_DEBUG_INFO = NO;
				MTL_FAST_MATH = YES;
				SDKROOT = iphoneos;
				SWIFT_COMPILATION_MODE = wholemodule;
				VALIDATE_PRODUCT = YES;
			};
			name = Release;
		};
		7470E51C2BEBB4100039FFBF /* Debug */ = {
			isa = XCBuildConfiguration;
			buildSettings = {
				ALWAYS_EMBED_SWIFT_STANDARD_LIBRARIES = YES;
				ASSETCATALOG_COMPILER_APPICON_NAME = AppIcon;
				ASSETCATALOG_COMPILER_GLOBAL_ACCENT_COLOR_NAME = AccentColor;
				CODE_SIGN_ENTITLEMENTS = "Days to Go/Days to Go.entitlements";
				CODE_SIGN_STYLE = Automatic;
				CURRENT_PROJECT_VERSION = 1;
				DEVELOPMENT_ASSET_PATHS = "\"Days to Go/Preview Content\"";
				DEVELOPMENT_TEAM = 6U666T5AU4;
				ENABLE_PREVIEWS = YES;
				GENERATE_INFOPLIST_FILE = YES;
				INFOPLIST_KEY_UIApplicationSceneManifest_Generation = YES;
				INFOPLIST_KEY_UIApplicationSupportsIndirectInputEvents = YES;
				INFOPLIST_KEY_UILaunchScreen_Generation = YES;
				INFOPLIST_KEY_UISupportedInterfaceOrientations_iPad = "UIInterfaceOrientationPortrait UIInterfaceOrientationPortraitUpsideDown UIInterfaceOrientationLandscapeLeft UIInterfaceOrientationLandscapeRight";
				INFOPLIST_KEY_UISupportedInterfaceOrientations_iPhone = "UIInterfaceOrientationPortrait UIInterfaceOrientationLandscapeLeft UIInterfaceOrientationLandscapeRight";
				LD_RUNPATH_SEARCH_PATHS = (
					"$(inherited)",
					"@executable_path/Frameworks",
				);
				MARKETING_VERSION = 1.0;
				PRODUCT_BUNDLE_IDENTIFIER = "MIETech.Days-to-Go";
				PRODUCT_NAME = "$(TARGET_NAME)";
				SWIFT_EMIT_LOC_STRINGS = YES;
				SWIFT_VERSION = 5.0;
				TARGETED_DEVICE_FAMILY = "1,2";
			};
			name = Debug;
		};
		7470E51D2BEBB4100039FFBF /* Release */ = {
			isa = XCBuildConfiguration;
			buildSettings = {
				ALWAYS_EMBED_SWIFT_STANDARD_LIBRARIES = YES;
				ASSETCATALOG_COMPILER_APPICON_NAME = AppIcon;
				ASSETCATALOG_COMPILER_GLOBAL_ACCENT_COLOR_NAME = AccentColor;
				CODE_SIGN_ENTITLEMENTS = "Days to Go/Days to Go.entitlements";
				CODE_SIGN_STYLE = Automatic;
				CURRENT_PROJECT_VERSION = 1;
				DEVELOPMENT_ASSET_PATHS = "\"Days to Go/Preview Content\"";
				DEVELOPMENT_TEAM = 6U666T5AU4;
				ENABLE_PREVIEWS = YES;
				GENERATE_INFOPLIST_FILE = YES;
				INFOPLIST_KEY_UIApplicationSceneManifest_Generation = YES;
				INFOPLIST_KEY_UIApplicationSupportsIndirectInputEvents = YES;
				INFOPLIST_KEY_UILaunchScreen_Generation = YES;
				INFOPLIST_KEY_UISupportedInterfaceOrientations_iPad = "UIInterfaceOrientationPortrait UIInterfaceOrientationPortraitUpsideDown UIInterfaceOrientationLandscapeLeft UIInterfaceOrientationLandscapeRight";
				INFOPLIST_KEY_UISupportedInterfaceOrientations_iPhone = "UIInterfaceOrientationPortrait UIInterfaceOrientationLandscapeLeft UIInterfaceOrientationLandscapeRight";
				LD_RUNPATH_SEARCH_PATHS = (
					"$(inherited)",
					"@executable_path/Frameworks",
				);
				MARKETING_VERSION = 1.0;
				PRODUCT_BUNDLE_IDENTIFIER = "MIETech.Days-to-Go";
				PRODUCT_NAME = "$(TARGET_NAME)";
				SWIFT_EMIT_LOC_STRINGS = YES;
				SWIFT_VERSION = 5.0;
				TARGETED_DEVICE_FAMILY = "1,2";
			};
			name = Release;
		};
		74D0F1992BF2E96F0022D5A6 /* Debug */ = {
			isa = XCBuildConfiguration;
			buildSettings = {
				ASSETCATALOG_COMPILER_GLOBAL_ACCENT_COLOR_NAME = AccentColor;
				ASSETCATALOG_COMPILER_WIDGET_BACKGROUND_COLOR_NAME = WidgetBackground;
				CODE_SIGN_ENTITLEMENTS = DaysToGoWidgetExtension.entitlements;
				CODE_SIGN_STYLE = Automatic;
				CURRENT_PROJECT_VERSION = 1;
				DEVELOPMENT_TEAM = 6U666T5AU4;
				GENERATE_INFOPLIST_FILE = YES;
				INFOPLIST_FILE = DaysToGoWidget/Info.plist;
				INFOPLIST_KEY_CFBundleDisplayName = DaysToGoWidget;
				INFOPLIST_KEY_NSHumanReadableCopyright = "";
				LD_RUNPATH_SEARCH_PATHS = (
					"$(inherited)",
					"@executable_path/Frameworks",
					"@executable_path/../../Frameworks",
				);
				MARKETING_VERSION = 1.0;
				PRODUCT_BUNDLE_IDENTIFIER = "MIETech.Days-to-Go.DaysToGoWidget";
				PRODUCT_NAME = "$(TARGET_NAME)";
				SKIP_INSTALL = YES;
				SWIFT_EMIT_LOC_STRINGS = YES;
				SWIFT_VERSION = 5.0;
				TARGETED_DEVICE_FAMILY = "1,2";
			};
			name = Debug;
		};
		74D0F19A2BF2E96F0022D5A6 /* Release */ = {
			isa = XCBuildConfiguration;
			buildSettings = {
				ASSETCATALOG_COMPILER_GLOBAL_ACCENT_COLOR_NAME = AccentColor;
				ASSETCATALOG_COMPILER_WIDGET_BACKGROUND_COLOR_NAME = WidgetBackground;
				CODE_SIGN_ENTITLEMENTS = DaysToGoWidgetExtension.entitlements;
				CODE_SIGN_STYLE = Automatic;
				CURRENT_PROJECT_VERSION = 1;
				DEVELOPMENT_TEAM = 6U666T5AU4;
				GENERATE_INFOPLIST_FILE = YES;
				INFOPLIST_FILE = DaysToGoWidget/Info.plist;
				INFOPLIST_KEY_CFBundleDisplayName = DaysToGoWidget;
				INFOPLIST_KEY_NSHumanReadableCopyright = "";
				LD_RUNPATH_SEARCH_PATHS = (
					"$(inherited)",
					"@executable_path/Frameworks",
					"@executable_path/../../Frameworks",
				);
				MARKETING_VERSION = 1.0;
				PRODUCT_BUNDLE_IDENTIFIER = "MIETech.Days-to-Go.DaysToGoWidget";
				PRODUCT_NAME = "$(TARGET_NAME)";
				SKIP_INSTALL = YES;
				SWIFT_EMIT_LOC_STRINGS = YES;
				SWIFT_VERSION = 5.0;
				TARGETED_DEVICE_FAMILY = "1,2";
			};
			name = Release;
		};
/* End XCBuildConfiguration section */

/* Begin XCConfigurationList section */
		7470E5062BEBB40C0039FFBF /* Build configuration list for PBXProject "Days to Go" */ = {
			isa = XCConfigurationList;
			buildConfigurations = (
				7470E5192BEBB4100039FFBF /* Debug */,
				7470E51A2BEBB4100039FFBF /* Release */,
			);
			defaultConfigurationIsVisible = 0;
			defaultConfigurationName = Release;
		};
		7470E51B2BEBB4100039FFBF /* Build configuration list for PBXNativeTarget "Days to Go" */ = {
			isa = XCConfigurationList;
			buildConfigurations = (
				7470E51C2BEBB4100039FFBF /* Debug */,
				7470E51D2BEBB4100039FFBF /* Release */,
			);
			defaultConfigurationIsVisible = 0;
			defaultConfigurationName = Release;
		};
		74D0F19B2BF2E96F0022D5A6 /* Build configuration list for PBXNativeTarget "DaysToGoWidgetExtension" */ = {
			isa = XCConfigurationList;
			buildConfigurations = (
				74D0F1992BF2E96F0022D5A6 /* Debug */,
				74D0F19A2BF2E96F0022D5A6 /* Release */,
			);
			defaultConfigurationIsVisible = 0;
			defaultConfigurationName = Release;
		};
/* End XCConfigurationList section */
	};
	rootObject = 7470E5032BEBB40C0039FFBF /* Project object */;
}
